#MicroXplorer Configuration settings - do not modify
Mcu.Family=STM32F1
ProjectManager.MainLocation=Src
RCC.MCOFreq_Value=24000000
SH.S_TIM1_CH4.0=TIM1_CH4,PWM Generation4 CH4
ProjectManager.KeepUserCode=true
Mcu.UserName=STM32F100C8Tx
TIM1.IPParameters=Period,AutoReloadPreload,Channel-PWM Generation2 CH2,OCPolarity_2,TIM_MasterOutputTrigger,DeadTime,OCPolarity_3,TIM_MasterSlaveMode,Channel-PWM Generation3 CH3 CH3N,Channel-PWM Generation4 CH4,OCPolarity_4,OCNPolarity_3
SH.ADCx_IN2.0=ADC1_IN2,IN2
ADC1.SamplingTime-6\#ChannelRegularConversion=ADC_SAMPLETIME_1CYCLE_5
RCC.PLLCLKFreq_Value=24000000
ProjectManager.functionlistsort=1-MX_GPIO_Init-GPIO-false-HAL-true,2-MX_DMA_Init-DMA-false-HAL-true,3-SystemClock_Config-RCC-false-HAL-false,4-MX_TIM1_Init-TIM1-false-HAL-true,5-MX_ADC1_Init-ADC1-false-HAL-true,6-MX_TIM2_Init-TIM2-false-HAL-true
PA11.GPIOParameters=GPIO_ModeDefaultPP
RCC.ADCFreqValue=12000000
PB11.GPIO_PuPd=GPIO_NOPULL
SH.S_TIM1_CH3.ConfNb=1
TIM2.Channel-PWM\ Generation2\ CH2=TIM_CHANNEL_2
PB11.Signal=GPIO_Output
PB15.Signal=TIM1_CH3N
PinOutPanel.RotationAngle=0
ADC1.Channel-8\#ChannelRegularConversion=ADC_CHANNEL_3
RCC.SYSCLKSource=RCC_SYSCLKSOURCE_PLLCLK
ProjectManager.StackSize=0x400
PB11.GPIO_Speed=GPIO_SPEED_FREQ_HIGH
VP_TIM2_VS_ClockSourceITR.Mode=TriggerSource_ITR0
Mcu.IP4=RCC
RCC.FCLKCortexFreq_Value=24000000
Mcu.IP5=SYS
Mcu.IP2=FREERTOS
NVIC.SVCall_IRQn=true\:0\:0\:false\:false\:false\:false\:false\:false
Mcu.IP3=NVIC
Mcu.IP0=ADC1
Mcu.IP1=DMA
Mcu.UserConstants=
Mcu.ThirdPartyNb=0
TIM1.Channel-PWM\ Generation4\ CH4=TIM_CHANNEL_4
RCC.HCLKFreq_Value=24000000
SH.ADCx_IN3.0=ADC1_IN3,IN3
Mcu.IPNb=8
TIM2.IPParameters=Channel-PWM Generation2 CH2,Period,Pulse-PWM Generation2 CH2,AutoReloadPreload,TIM_MasterSlaveMode,TIM_MasterOutputTrigger
ProjectManager.PreviousToolchain=SW4STM32
RCC.APB2TimFreq_Value=24000000
Dma.ADC1.0.Direction=DMA_PERIPH_TO_MEMORY
SH.ADCx_IN3.ConfNb=1
Mcu.Pin6=PA9
Mcu.Pin7=PA10
Mcu.Pin8=PA11
Mcu.Pin9=PA13
PA10.GPIO_ModeDefaultPP=GPIO_MODE_AF_PP
FREERTOS.IPParameters=Tasks01,FootprintOK
Dma.ADC1.0.MemDataAlignment=DMA_MDATAALIGN_HALFWORD
RCC.AHBFreq_Value=24000000
Mcu.Pin0=PA0-WKUP
Mcu.Pin1=PA1
GPIO.groupedBy=Group By Peripherals
Mcu.Pin2=PA2
Mcu.Pin3=PA3
PA0-WKUP.GPIOParameters=GPIO_PuPd
Mcu.Pin4=PB11
Mcu.Pin5=PB15
ProjectManager.ProjectBuild=false
NVIC.UsageFault_IRQn=true\:0\:0\:false\:false\:true\:false\:false\:false
NVIC.DebugMonitor_IRQn=true\:0\:0\:false\:false\:true\:false\:false\:false
NVIC.SysTick_IRQn=true\:15\:0\:false\:false\:false\:true\:false\:true
RCC.PLLMUL=RCC_PLL_MUL6
ProjectManager.FirmwarePackage=STM32Cube FW_F1 V1.8.3
MxDb.Version=DB.6.0.10
ADC1.Channel-6\#ChannelRegularConversion=ADC_CHANNEL_1
NVIC.TIM1_TRG_COM_TIM17_IRQn=true\:5\:0\:false\:false\:true\:true\:true\:true
ProjectManager.BackupPrevious=false
PA14.Mode=Serial_Wire
SH.ADCx_IN1.ConfNb=1
Dma.ADC1.0.PeriphInc=DMA_PINC_DISABLE
TIM1.DeadTime=5
NVIC.TIM2_IRQn=true\:5\:0\:false\:false\:true\:true\:true\:true
File.Version=6
NVIC.PendSV_IRQn=true\:15\:0\:false\:false\:false\:true\:false\:false
VP_FREERTOS_VS_CMSIS_V1.Mode=CMSIS_V1
Dma.RequestsNb=1
ProjectManager.HalAssertFull=false
VP_TIM1_VS_ClockSourceINT.Mode=Internal
ProjectManager.ProjectName=Generator
RCC.PLLMCOFreq_Value=12000000
Mcu.Package=LQFP48
NVIC.TimeBase=TIM7_IRQn
PA14.Locked=true
ProjectManager.ToolChainLocation=
SH.GPXTI0.0=GPIO_EXTI0
NVIC.TimeBaseIP=TIM7
PA10.Signal=S_TIM1_CH3
FREERTOS.FootprintOK=true
TIM2.Pulse-PWM\ Generation2\ CH2=1
TIM2.TIM_MasterOutputTrigger=TIM_TRGO_RESET
SH.ADCx_IN1.0=ADC1_IN1,IN1
RCC.APB1TimFreq_Value=24000000
NVIC.BusFault_IRQn=true\:0\:0\:false\:false\:true\:false\:false\:false
TIM1.Period=1000
Dma.Request0=ADC1
ADC1.Rank-6\#ChannelRegularConversion=1
ADC1.SamplingTime-8\#ChannelRegularConversion=ADC_SAMPLETIME_1CYCLE_5
NVIC.TIM7_IRQn=true\:0\:0\:false\:false\:true\:false\:false\:true
ProjectManager.CustomerFirmwarePackage=
PA3.Signal=ADCx_IN3
PA2.Locked=true
ProjectManager.ProjectFileName=Generator.ioc
TIM1.OCPolarity_3=TIM_OCPOLARITY_LOW
Dma.ADC1.0.Instance=DMA1_Channel1
TIM1.OCPolarity_2=TIM_OCPOLARITY_LOW
FREERTOS.Tasks01=defaultTask,0,128,StartDefaultTask,Default,NULL,Dynamic,NULL,NULL;userDisplay,-3,128,userDisplayTask,Default,NULL,Dynamic,NULL,NULL
TIM1.OCPolarity_4=TIM_OCPOLARITY_HIGH
Mcu.PinsNb=17
ProjectManager.NoMain=false
ADC1.IPParameters=Rank-6\#ChannelRegularConversion,Channel-6\#ChannelRegularConversion,SamplingTime-6\#ChannelRegularConversion,NbrOfConversionFlag,master,Rank-7\#ChannelRegularConversion,Channel-7\#ChannelRegularConversion,SamplingTime-7\#ChannelRegularConversion,Rank-8\#ChannelRegularConversion,Channel-8\#ChannelRegularConversion,SamplingTime-8\#ChannelRegularConversion,NbrOfConversion
NVIC.SavedSvcallIrqHandlerGenerated=true
ADC1.Rank-8\#ChannelRegularConversion=3
VP_SYS_VS_tim7.Mode=TIM7
SH.GPXTI0.ConfNb=1
ProjectManager.DefaultFWLocation=true
ProjectManager.DeletePrevious=true
RCC.FamilyName=M
PA0-WKUP.Signal=GPXTI0
ADC1.Channel-7\#ChannelRegularConversion=ADC_CHANNEL_2
PA0-WKUP.Locked=true
VP_TIM2_VS_ControllerModeClock.Signal=TIM2_VS_ControllerModeClock
PA13.Signal=SYS_JTMS-SWDIO
TIM1.AutoReloadPreload=TIM_AUTORELOAD_PRELOAD_ENABLE
VP_FREERTOS_VS_CMSIS_V1.Signal=FREERTOS_VS_CMSIS_V1
SH.S_TIM2_CH2.0=TIM2_CH2,PWM Generation2 CH2
Dma.ADC1.0.PeriphDataAlignment=DMA_PDATAALIGN_HALFWORD
ProjectManager.TargetToolchain=SW4STM32
Dma.ADC1.0.Mode=DMA_CIRCULAR
VP_TIM2_VS_ControllerModeClock.Mode=Clock Mode
Dma.ADC1.0.Priority=DMA_PRIORITY_LOW
PA9.Signal=S_TIM1_CH2
VP_TIM1_VS_ClockSourceINT.Signal=TIM1_VS_ClockSourceINT
SH.S_TIM2_CH2.ConfNb=1
TIM1.Channel-PWM\ Generation2\ CH2=TIM_CHANNEL_2
PB11.GPIOParameters=GPIO_Speed,GPIO_PuPd,GPIO_ModeDefaultOutputPP
TIM1.Channel-PWM\ Generation3\ CH3\ CH3N=TIM_CHANNEL_3
PA11.GPIO_ModeDefaultPP=GPIO_MODE_AF_OD
VP_TIM2_VS_ClockSourceITR.Signal=TIM2_VS_ClockSourceITR
ProjectManager.RegisterCallBack=
PB11.GPIO_ModeDefaultOutputPP=GPIO_MODE_OUTPUT_OD
PA1.Signal=ADCx_IN1
SH.S_TIM1_CH2.ConfNb=1
board=custom
ProjectManager.LastFirmware=true
PB15.Mode=PWM Generation3 CH3 CH3N
VP_SYS_VS_tim7.Signal=SYS_VS_tim7
RCC.VCOOutput2Freq_Value=4000000
Dma.ADC1.0.RequestParameters=Instance,Direction,PeriphInc,MemInc,PeriphDataAlignment,MemDataAlignment,Mode,Priority
TIM1.TIM_MasterOutputTrigger=TIM_TRGO_UPDATE
NVIC.SavedSystickIrqHandlerGenerated=true
RCC.APB2Freq_Value=24000000
TIM1.OCNPolarity_3=TIM_OCNPOLARITY_LOW
MxCube.Version=6.1.1
SH.S_TIM1_CH2.0=TIM1_CH2,PWM Generation2 CH2
SH.ADCx_IN2.ConfNb=1
PA10.GPIOParameters=GPIO_ModeDefaultPP
NVIC.NonMaskableInt_IRQn=true\:0\:0\:false\:false\:true\:false\:false\:false
TIM2.Period=50
ADC1.NbrOfConversion=3
PA13.Mode=Serial_Wire
ProjectManager.FreePins=false
RCC.IPParameters=ADCFreqValue,AHBFreq_Value,APB1Freq_Value,APB1TimFreq_Value,APB2Freq_Value,APB2TimFreq_Value,FCLKCortexFreq_Value,FamilyName,HCLKFreq_Value,MCOFreq_Value,PLLCLKFreq_Value,PLLMCOFreq_Value,PLLMUL,SYSCLKFreq_VALUE,SYSCLKSource,TimSysFreq_Value,VCOOutput2Freq_Value
ProjectManager.AskForMigrate=true
Mcu.Name=STM32F100C(8-B)Tx
NVIC.SavedPendsvIrqHandlerGenerated=true
PA2.Signal=ADCx_IN2
ProjectManager.UnderRoot=true
NVIC.TIM1_CC_IRQn=true\:5\:0\:false\:false\:true\:true\:true\:true
Mcu.IP6=TIM1
Mcu.IP7=TIM2
ProjectManager.CoupleFile=false
PB3.Signal=S_TIM2_CH2
NVIC.EXTI0_IRQn=true\:5\:0\:false\:false\:true\:true\:true\:true
RCC.SYSCLKFreq_VALUE=24000000
RCC.TimSysFreq_Value=24000000
PA1.Locked=true
ADC1.master=1
PA3.Locked=true
PA10.Locked=true
NVIC.ForceEnableDMAVector=true
KeepUserPlacement=false
NVIC.MemoryManagement_IRQn=true\:0\:0\:false\:false\:true\:false\:false\:false
PA13.Locked=true
ProjectManager.CompilerOptimize=6
PA11.Signal=S_TIM1_CH4
Dma.ADC1.0.MemInc=DMA_MINC_ENABLE
PA14.Signal=SYS_JTCK-SWCLK
ProjectManager.HeapSize=0x200
Mcu.Pin15=VP_TIM2_VS_ControllerModeClock
NVIC.HardFault_IRQn=true\:0\:0\:false\:false\:true\:false\:false\:false
Mcu.Pin16=VP_TIM2_VS_ClockSourceITR
Mcu.Pin13=VP_SYS_VS_tim7
SH.S_TIM1_CH3.0=TIM1_CH3,PWM Generation3 CH3 CH3N
Mcu.Pin14=VP_TIM1_VS_ClockSourceINT
ProjectManager.ComputerToolchain=false
ADC1.Rank-7\#ChannelRegularConversion=2
NVIC.TIM1_UP_TIM16_IRQn=true\:5\:0\:false\:false\:true\:true\:true\:true
NVIC.PriorityGroup=NVIC_PRIORITYGROUP_4
ADC1.NbrOfConversionFlag=1
Mcu.Pin11=PB3
Mcu.Pin12=VP_FREERTOS_VS_CMSIS_V1
Mcu.Pin10=PA14
TIM2.TIM_MasterSlaveMode=TIM_MASTERSLAVEMODE_DISABLE
TIM2.AutoReloadPreload=TIM_AUTORELOAD_PRELOAD_ENABLE
PA0-WKUP.GPIO_PuPd=GPIO_PULLDOWN
ADC1.SamplingTime-7\#ChannelRegularConversion=ADC_SAMPLETIME_1CYCLE_5
NVIC.DMA1_Channel1_IRQn=true\:5\:0\:false\:false\:true\:true\:false\:true
RCC.APB1Freq_Value=24000000
SH.S_TIM1_CH4.ConfNb=1
PB11.Locked=true
ProjectManager.DeviceId=STM32F100C8Tx
ProjectManager.LibraryCopy=1
TIM1.TIM_MasterSlaveMode=TIM_MASTERSLAVEMODE_ENABLE
