
Microsoft Visual Studio Solution File, Format Version 12.00
# Visual Studio 15
VisualStudioVersion = 15.0.28307.168
MinimumVisualStudioVersion = 10.0.40219.1
Project("{FAE04EC0-301F-11D3-BF4B-00C04F79EFBC}") = "Beating", "Beating\Beating.csproj", "{7D933169-522D-48A8-A306-8BB25DC00C12}"
EndProject
Global
	GlobalSection(SolutionConfigurationPlatforms) = preSolution
		Debug|Any CPU = Debug|Any CPU
		Release|Any CPU = Release|Any CPU
	EndGlobalSection
	GlobalSection(ProjectConfigurationPlatforms) = postSolution
		{7D933169-522D-48A8-A306-8BB25DC00C12}.Debug|Any CPU.ActiveCfg = Debug|Any CPU
		{7D933169-522D-48A8-A306-8BB25DC00C12}.Debug|Any CPU.Build.0 = Debug|Any CPU
		{7D933169-522D-48A8-A306-8BB25DC00C12}.Release|Any CPU.ActiveCfg = Release|Any CPU
		{7D933169-522D-48A8-A306-8BB25DC00C12}.Release|Any CPU.Build.0 = Release|Any CPU
	EndGlobalSection
	GlobalSection(SolutionProperties) = preSolution
		HideSolutionNode = FALSE
	EndGlobalSection
	GlobalSection(ExtensibilityGlobals) = postSolution
		SolutionGuid = {C456CFAE-056B-4027-B342-047DAA4E14A1}
	EndGlobalSection
EndGlobal
